
Microsoft Visual Studio Solution File, Format Version 12.00
# Visual Studio 15
VisualStudioVersion = 15.0.28307.168
MinimumVisualStudioVersion = 10.0.40219.1
Project("{FAE04EC0-301F-11D3-BF4B-00C04F79EFBC}") = "crystalrain.Android", "crystalrain\crystalrain.Android\crystalrain.Android.csproj", "{6BC496C9-7BC0-41ED-AB10-B7A3ACDC0754}"
EndProject
Project("{FAE04EC0-301F-11D3-BF4B-00C04F79EFBC}") = "crystalrain.iOS", "crystalrain\crystalrain.iOS\crystalrain.iOS.csproj", "{CBA092BD-AC78-4B0E-801E-9CCB48D7E356}"
EndProject
Project("{FAE04EC0-301F-11D3-BF4B-00C04F79EFBC}") = "crystalrain", "crystalrain\crystalrain\crystalrain.csproj", "{822803D0-824A-44B8-81C9-5F9CC162D7DE}"
EndProject
Global
	GlobalSection(SolutionConfigurationPlatforms) = preSolution
		Ad-Hoc|Any CPU = Ad-Hoc|Any CPU
		Ad-Hoc|iPhone = Ad-Hoc|iPhone
		Ad-Hoc|iPhoneSimulator = Ad-Hoc|iPhoneSimulator
		AppStore|Any CPU = AppStore|Any CPU
		AppStore|iPhone = AppStore|iPhone
		AppStore|iPhoneSimulator = AppStore|iPhoneSimulator
		Debug|Any CPU = Debug|Any CPU
		Debug|iPhone = Debug|iPhone
		Debug|iPhoneSimulator = Debug|iPhoneSimulator
		Release|Any CPU = Release|Any CPU
		Release|iPhone = Release|iPhone
		Release|iPhoneSimulator = Release|iPhoneSimulator
	EndGlobalSection
	GlobalSection(ProjectConfigurationPlatforms) = postSolution
		{6BC496C9-7BC0-41ED-AB10-B7A3ACDC0754}.Ad-Hoc|Any CPU.ActiveCfg = Release|Any CPU
		{6BC496C9-7BC0-41ED-AB10-B7A3ACDC0754}.Ad-Hoc|Any CPU.Build.0 = Release|Any CPU
		{6BC496C9-7BC0-41ED-AB10-B7A3ACDC0754}.Ad-Hoc|Any CPU.Deploy.0 = Release|Any CPU
		{6BC496C9-7BC0-41ED-AB10-B7A3ACDC0754}.Ad-Hoc|iPhone.ActiveCfg = Release|Any CPU
		{6BC496C9-7BC0-41ED-AB10-B7A3ACDC0754}.Ad-Hoc|iPhone.Build.0 = Release|Any CPU
		{6BC496C9-7BC0-41ED-AB10-B7A3ACDC0754}.Ad-Hoc|iPhone.Deploy.0 = Release|Any CPU
		{6BC496C9-7BC0-41ED-AB10-B7A3ACDC0754}.Ad-Hoc|iPhoneSimulator.ActiveCfg = Release|Any CPU
		{6BC496C9-7BC0-41ED-AB10-B7A3ACDC0754}.Ad-Hoc|iPhoneSimulator.Build.0 = Release|Any CPU
		{6BC496C9-7BC0-41ED-AB10-B7A3ACDC0754}.Ad-Hoc|iPhoneSimulator.Deploy.0 = Release|Any CPU
		{6BC496C9-7BC0-41ED-AB10-B7A3ACDC0754}.AppStore|Any CPU.ActiveCfg = Release|Any CPU
		{6BC496C9-7BC0-41ED-AB10-B7A3ACDC0754}.AppStore|Any CPU.Build.0 = Release|Any CPU
		{6BC496C9-7BC0-41ED-AB10-B7A3ACDC0754}.AppStore|Any CPU.Deploy.0 = Release|Any CPU
		{6BC496C9-7BC0-41ED-AB10-B7A3ACDC0754}.AppStore|iPhone.ActiveCfg = Release|Any CPU
		{6BC496C9-7BC0-41ED-AB10-B7A3ACDC0754}.AppStore|iPhone.Build.0 = Release|Any CPU
		{6BC496C9-7BC0-41ED-AB10-B7A3ACDC0754}.AppStore|iPhone.Deploy.0 = Release|Any CPU
		{6BC496C9-7BC0-41ED-AB10-B7A3ACDC0754}.AppStore|iPhoneSimulator.ActiveCfg = Release|Any CPU
		{6BC496C9-7BC0-41ED-AB10-B7A3ACDC0754}.AppStore|iPhoneSimulator.Build.0 = Release|Any CPU
		{6BC496C9-7BC0-41ED-AB10-B7A3ACDC0754}.AppStore|iPhoneSimulator.Deploy.0 = Release|Any CPU
		{6BC496C9-7BC0-41ED-AB10-B7A3ACDC0754}.Debug|Any CPU.ActiveCfg = Debug|Any CPU
		{6BC496C9-7BC0-41ED-AB10-B7A3ACDC0754}.Debug|Any CPU.Build.0 = Debug|Any CPU
		{6BC496C9-7BC0-41ED-AB10-B7A3ACDC0754}.Debug|Any CPU.Deploy.0 = Debug|Any CPU
		{6BC496C9-7BC0-41ED-AB10-B7A3ACDC0754}.Debug|iPhone.ActiveCfg = Debug|Any CPU
		{6BC496C9-7BC0-41ED-AB10-B7A3ACDC0754}.Debug|iPhone.Build.0 = Debug|Any CPU
		{6BC496C9-7BC0-41ED-AB10-B7A3ACDC0754}.Debug|iPhone.Deploy.0 = Debug|Any CPU
		{6BC496C9-7BC0-41ED-AB10-B7A3ACDC0754}.Debug|iPhoneSimulator.ActiveCfg = Debug|Any CPU
		{6BC496C9-7BC0-41ED-AB10-B7A3ACDC0754}.Debug|iPhoneSimulator.Build.0 = Debug|Any CPU
		{6BC496C9-7BC0-41ED-AB10-B7A3ACDC0754}.Debug|iPhoneSimulator.Deploy.0 = Debug|Any CPU
		{6BC496C9-7BC0-41ED-AB10-B7A3ACDC0754}.Release|Any CPU.ActiveCfg = Release|Any CPU
		{6BC496C9-7BC0-41ED-AB10-B7A3ACDC0754}.Release|Any CPU.Build.0 = Release|Any CPU
		{6BC496C9-7BC0-41ED-AB10-B7A3ACDC0754}.Release|Any CPU.Deploy.0 = Release|Any CPU
		{6BC496C9-7BC0-41ED-AB10-B7A3ACDC0754}.Release|iPhone.ActiveCfg = Release|Any CPU
		{6BC496C9-7BC0-41ED-AB10-B7A3ACDC0754}.Release|iPhone.Build.0 = Release|Any CPU
		{6BC496C9-7BC0-41ED-AB10-B7A3ACDC0754}.Release|iPhone.Deploy.0 = Release|Any CPU
		{6BC496C9-7BC0-41ED-AB10-B7A3ACDC0754}.Release|iPhoneSimulator.ActiveCfg = Release|Any CPU
		{6BC496C9-7BC0-41ED-AB10-B7A3ACDC0754}.Release|iPhoneSimulator.Build.0 = Release|Any CPU
		{6BC496C9-7BC0-41ED-AB10-B7A3ACDC0754}.Release|iPhoneSimulator.Deploy.0 = Release|Any CPU
		{CBA092BD-AC78-4B0E-801E-9CCB48D7E356}.Ad-Hoc|Any CPU.ActiveCfg = Ad-Hoc|iPhone
		{CBA092BD-AC78-4B0E-801E-9CCB48D7E356}.Ad-Hoc|Any CPU.Build.0 = Ad-Hoc|iPhone
		{CBA092BD-AC78-4B0E-801E-9CCB48D7E356}.Ad-Hoc|Any CPU.Deploy.0 = Ad-Hoc|iPhone
		{CBA092BD-AC78-4B0E-801E-9CCB48D7E356}.Ad-Hoc|iPhone.ActiveCfg = Ad-Hoc|iPhone
		{CBA092BD-AC78-4B0E-801E-9CCB48D7E356}.Ad-Hoc|iPhone.Build.0 = Ad-Hoc|iPhone
		{CBA092BD-AC78-4B0E-801E-9CCB48D7E356}.Ad-Hoc|iPhone.Deploy.0 = Ad-Hoc|iPhone
		{CBA092BD-AC78-4B0E-801E-9CCB48D7E356}.Ad-Hoc|iPhoneSimulator.ActiveCfg = Ad-Hoc|iPhoneSimulator
		{CBA092BD-AC78-4B0E-801E-9CCB48D7E356}.Ad-Hoc|iPhoneSimulator.Build.0 = Ad-Hoc|iPhoneSimulator
		{CBA092BD-AC78-4B0E-801E-9CCB48D7E356}.Ad-Hoc|iPhoneSimulator.Deploy.0 = Ad-Hoc|iPhoneSimulator
		{CBA092BD-AC78-4B0E-801E-9CCB48D7E356}.AppStore|Any CPU.ActiveCfg = AppStore|iPhone
		{CBA092BD-AC78-4B0E-801E-9CCB48D7E356}.AppStore|Any CPU.Build.0 = AppStore|iPhone
		{CBA092BD-AC78-4B0E-801E-9CCB48D7E356}.AppStore|Any CPU.Deploy.0 = AppStore|iPhone
		{CBA092BD-AC78-4B0E-801E-9CCB48D7E356}.AppStore|iPhone.ActiveCfg = AppStore|iPhone
		{CBA092BD-AC78-4B0E-801E-9CCB48D7E356}.AppStore|iPhone.Build.0 = AppStore|iPhone
		{CBA092BD-AC78-4B0E-801E-9CCB48D7E356}.AppStore|iPhone.Deploy.0 = AppStore|iPhone
		{CBA092BD-AC78-4B0E-801E-9CCB48D7E356}.AppStore|iPhoneSimulator.ActiveCfg = AppStore|iPhoneSimulator
		{CBA092BD-AC78-4B0E-801E-9CCB48D7E356}.AppStore|iPhoneSimulator.Build.0 = AppStore|iPhoneSimulator
		{CBA092BD-AC78-4B0E-801E-9CCB48D7E356}.AppStore|iPhoneSimulator.Deploy.0 = AppStore|iPhoneSimulator
		{CBA092BD-AC78-4B0E-801E-9CCB48D7E356}.Debug|Any CPU.ActiveCfg = Debug|iPhoneSimulator
		{CBA092BD-AC78-4B0E-801E-9CCB48D7E356}.Debug|Any CPU.Build.0 = Debug|iPhoneSimulator
		{CBA092BD-AC78-4B0E-801E-9CCB48D7E356}.Debug|Any CPU.Deploy.0 = Debug|iPhoneSimulator
		{CBA092BD-AC78-4B0E-801E-9CCB48D7E356}.Debug|iPhone.ActiveCfg = Debug|iPhone
		{CBA092BD-AC78-4B0E-801E-9CCB48D7E356}.Debug|iPhone.Build.0 = Debug|iPhone
		{CBA092BD-AC78-4B0E-801E-9CCB48D7E356}.Debug|iPhone.Deploy.0 = Debug|iPhone
		{CBA092BD-AC78-4B0E-801E-9CCB48D7E356}.Debug|iPhoneSimulator.ActiveCfg = Debug|iPhoneSimulator
		{CBA092BD-AC78-4B0E-801E-9CCB48D7E356}.Debug|iPhoneSimulator.Build.0 = Debug|iPhoneSimulator
		{CBA092BD-AC78-4B0E-801E-9CCB48D7E356}.Debug|iPhoneSimulator.Deploy.0 = Debug|iPhoneSimulator
		{CBA092BD-AC78-4B0E-801E-9CCB48D7E356}.Release|Any CPU.ActiveCfg = Release|iPhone
		{CBA092BD-AC78-4B0E-801E-9CCB48D7E356}.Release|Any CPU.Build.0 = Release|iPhone
		{CBA092BD-AC78-4B0E-801E-9CCB48D7E356}.Release|Any CPU.Deploy.0 = Release|iPhone
		{CBA092BD-AC78-4B0E-801E-9CCB48D7E356}.Release|iPhone.ActiveCfg = Release|iPhone
		{CBA092BD-AC78-4B0E-801E-9CCB48D7E356}.Release|iPhone.Build.0 = Release|iPhone
		{CBA092BD-AC78-4B0E-801E-9CCB48D7E356}.Release|iPhone.Deploy.0 = Release|iPhone
		{CBA092BD-AC78-4B0E-801E-9CCB48D7E356}.Release|iPhoneSimulator.ActiveCfg = Release|iPhoneSimulator
		{CBA092BD-AC78-4B0E-801E-9CCB48D7E356}.Release|iPhoneSimulator.Build.0 = Release|iPhoneSimulator
		{CBA092BD-AC78-4B0E-801E-9CCB48D7E356}.Release|iPhoneSimulator.Deploy.0 = Release|iPhoneSimulator
		{822803D0-824A-44B8-81C9-5F9CC162D7DE}.Ad-Hoc|Any CPU.ActiveCfg = Debug|Any CPU
		{822803D0-824A-44B8-81C9-5F9CC162D7DE}.Ad-Hoc|Any CPU.Build.0 = Debug|Any CPU
		{822803D0-824A-44B8-81C9-5F9CC162D7DE}.Ad-Hoc|Any CPU.Deploy.0 = Debug|Any CPU
		{822803D0-824A-44B8-81C9-5F9CC162D7DE}.Ad-Hoc|iPhone.ActiveCfg = Debug|Any CPU
		{822803D0-824A-44B8-81C9-5F9CC162D7DE}.Ad-Hoc|iPhone.Build.0 = Debug|Any CPU
		{822803D0-824A-44B8-81C9-5F9CC162D7DE}.Ad-Hoc|iPhone.Deploy.0 = Debug|Any CPU
		{822803D0-824A-44B8-81C9-5F9CC162D7DE}.Ad-Hoc|iPhoneSimulator.ActiveCfg = Debug|Any CPU
		{822803D0-824A-44B8-81C9-5F9CC162D7DE}.Ad-Hoc|iPhoneSimulator.Build.0 = Debug|Any CPU
		{822803D0-824A-44B8-81C9-5F9CC162D7DE}.Ad-Hoc|iPhoneSimulator.Deploy.0 = Debug|Any CPU
		{822803D0-824A-44B8-81C9-5F9CC162D7DE}.AppStore|Any CPU.ActiveCfg = Debug|Any CPU
		{822803D0-824A-44B8-81C9-5F9CC162D7DE}.AppStore|Any CPU.Build.0 = Debug|Any CPU
		{822803D0-824A-44B8-81C9-5F9CC162D7DE}.AppStore|Any CPU.Deploy.0 = Debug|Any CPU
		{822803D0-824A-44B8-81C9-5F9CC162D7DE}.AppStore|iPhone.ActiveCfg = Debug|Any CPU
		{822803D0-824A-44B8-81C9-5F9CC162D7DE}.AppStore|iPhone.Build.0 = Debug|Any CPU
		{822803D0-824A-44B8-81C9-5F9CC162D7DE}.AppStore|iPhone.Deploy.0 = Debug|Any CPU
		{822803D0-824A-44B8-81C9-5F9CC162D7DE}.AppStore|iPhoneSimulator.ActiveCfg = Debug|Any CPU
		{822803D0-824A-44B8-81C9-5F9CC162D7DE}.AppStore|iPhoneSimulator.Build.0 = Debug|Any CPU
		{822803D0-824A-44B8-81C9-5F9CC162D7DE}.AppStore|iPhoneSimulator.Deploy.0 = Debug|Any CPU
		{822803D0-824A-44B8-81C9-5F9CC162D7DE}.Debug|Any CPU.ActiveCfg = Debug|Any CPU
		{822803D0-824A-44B8-81C9-5F9CC162D7DE}.Debug|Any CPU.Build.0 = Debug|Any CPU
		{822803D0-824A-44B8-81C9-5F9CC162D7DE}.Debug|Any CPU.Deploy.0 = Debug|Any CPU
		{822803D0-824A-44B8-81C9-5F9CC162D7DE}.Debug|iPhone.ActiveCfg = Debug|Any CPU
		{822803D0-824A-44B8-81C9-5F9CC162D7DE}.Debug|iPhone.Build.0 = Debug|Any CPU
		{822803D0-824A-44B8-81C9-5F9CC162D7DE}.Debug|iPhone.Deploy.0 = Debug|Any CPU
		{822803D0-824A-44B8-81C9-5F9CC162D7DE}.Debug|iPhoneSimulator.ActiveCfg = Debug|Any CPU
		{822803D0-824A-44B8-81C9-5F9CC162D7DE}.Debug|iPhoneSimulator.Build.0 = Debug|Any CPU
		{822803D0-824A-44B8-81C9-5F9CC162D7DE}.Debug|iPhoneSimulator.Deploy.0 = Debug|Any CPU
		{822803D0-824A-44B8-81C9-5F9CC162D7DE}.Release|Any CPU.ActiveCfg = Release|Any CPU
		{822803D0-824A-44B8-81C9-5F9CC162D7DE}.Release|Any CPU.Build.0 = Release|Any CPU
		{822803D0-824A-44B8-81C9-5F9CC162D7DE}.Release|Any CPU.Deploy.0 = Release|Any CPU
		{822803D0-824A-44B8-81C9-5F9CC162D7DE}.Release|iPhone.ActiveCfg = Release|Any CPU
		{822803D0-824A-44B8-81C9-5F9CC162D7DE}.Release|iPhone.Build.0 = Release|Any CPU
		{822803D0-824A-44B8-81C9-5F9CC162D7DE}.Release|iPhone.Deploy.0 = Release|Any CPU
		{822803D0-824A-44B8-81C9-5F9CC162D7DE}.Release|iPhoneSimulator.ActiveCfg = Release|Any CPU
		{822803D0-824A-44B8-81C9-5F9CC162D7DE}.Release|iPhoneSimulator.Build.0 = Release|Any CPU
		{822803D0-824A-44B8-81C9-5F9CC162D7DE}.Release|iPhoneSimulator.Deploy.0 = Release|Any CPU
	EndGlobalSection
	GlobalSection(SolutionProperties) = preSolution
		HideSolutionNode = FALSE
	EndGlobalSection
	GlobalSection(ExtensibilityGlobals) = postSolution
		SolutionGuid = {3833F29E-9F3B-4F09-B20D-1EC6FBCDC2E3}
	EndGlobalSection
EndGlobal
